
Microsoft Visual Studio Solution File, Format Version 12.00
# Visual Studio Version 17
VisualStudioVersion = 17.0.31903.59
MinimumVisualStudioVersion = 10.0.40219.1
Project("{2150E333-8FDC-42A3-9474-1A3956D46DE8}") = "presentation", "presentation", "{CDBFCD81-421E-49AD-8637-B35F24AF735F}"
EndProject
Project("{FAE04EC0-301F-11D3-BF4B-00C04F79EFBC}") = "Store.Web", "presentation\Store.Web\Store.Web.csproj", "{D94074FE-DA5F-4DEE-84F1-D3E975D26B56}"
EndProject
Global
	GlobalSection(SolutionConfigurationPlatforms) = preSolution
		Debug|Any CPU = Debug|Any CPU
		Release|Any CPU = Release|Any CPU
	EndGlobalSection
	GlobalSection(ProjectConfigurationPlatforms) = postSolution
		{D94074FE-DA5F-4DEE-84F1-D3E975D26B56}.Debug|Any CPU.ActiveCfg = Debug|Any CPU
		{D94074FE-DA5F-4DEE-84F1-D3E975D26B56}.Debug|Any CPU.Build.0 = Debug|Any CPU
		{D94074FE-DA5F-4DEE-84F1-D3E975D26B56}.Release|Any CPU.ActiveCfg = Release|Any CPU
		{D94074FE-DA5F-4DEE-84F1-D3E975D26B56}.Release|Any CPU.Build.0 = Release|Any CPU
	EndGlobalSection
	GlobalSection(SolutionProperties) = preSolution
		HideSolutionNode = FALSE
	EndGlobalSection
	GlobalSection(NestedProjects) = preSolution
		{D94074FE-DA5F-4DEE-84F1-D3E975D26B56} = {CDBFCD81-421E-49AD-8637-B35F24AF735F}
	EndGlobalSection
	GlobalSection(ExtensibilityGlobals) = postSolution
		SolutionGuid = {5297F9FC-B16C-4B70-932A-A13BC63F5EE1}
	EndGlobalSection
EndGlobal
